
Microsoft Visual Studio Solution File, Format Version 12.00
# Visual Studio 15
VisualStudioVersion = 15.0.28307.271
MinimumVisualStudioVersion = 10.0.40219.1
Project("{FAE04EC0-301F-11D3-BF4B-00C04F79EFBC}") = "KillSkype", "KillSkype\KillSkype.csproj", "{BA939A73-91BB-4EA6-B919-70104A0629AB}"
EndProject
Global
	GlobalSection(SolutionConfigurationPlatforms) = preSolution
		Debug|Any CPU = Debug|Any CPU
		Release|Any CPU = Release|Any CPU
	EndGlobalSection
	GlobalSection(ProjectConfigurationPlatforms) = postSolution
		{BA939A73-91BB-4EA6-B919-70104A0629AB}.Debug|Any CPU.ActiveCfg = Debug|Any CPU
		{BA939A73-91BB-4EA6-B919-70104A0629AB}.Debug|Any CPU.Build.0 = Debug|Any CPU
		{BA939A73-91BB-4EA6-B919-70104A0629AB}.Release|Any CPU.ActiveCfg = Release|Any CPU
		{BA939A73-91BB-4EA6-B919-70104A0629AB}.Release|Any CPU.Build.0 = Release|Any CPU
	EndGlobalSection
	GlobalSection(SolutionProperties) = preSolution
		HideSolutionNode = FALSE
	EndGlobalSection
	GlobalSection(ExtensibilityGlobals) = postSolution
		SolutionGuid = {6C60B338-FA1A-485E-9C8C-74C98F604EF9}
	EndGlobalSection
EndGlobal
