
Microsoft Visual Studio Solution File, Format Version 12.00
# Visual Studio 15
VisualStudioVersion = 15.0.28307.271
MinimumVisualStudioVersion = 10.0.40219.1
Project("{FAE04EC0-301F-11D3-BF4B-00C04F79EFBC}") = "SkypeKillerBatch", "SkypeKillerBatch\SkypeKillerBatch.csproj", "{C4645C57-407C-4755-AC95-8059F8740344}"
EndProject
Global
	GlobalSection(SolutionConfigurationPlatforms) = preSolution
		Debug|Any CPU = Debug|Any CPU
		Release|Any CPU = Release|Any CPU
	EndGlobalSection
	GlobalSection(ProjectConfigurationPlatforms) = postSolution
		{C4645C57-407C-4755-AC95-8059F8740344}.Debug|Any CPU.ActiveCfg = Debug|Any CPU
		{C4645C57-407C-4755-AC95-8059F8740344}.Debug|Any CPU.Build.0 = Debug|Any CPU
		{C4645C57-407C-4755-AC95-8059F8740344}.Release|Any CPU.ActiveCfg = Release|Any CPU
		{C4645C57-407C-4755-AC95-8059F8740344}.Release|Any CPU.Build.0 = Release|Any CPU
	EndGlobalSection
	GlobalSection(SolutionProperties) = preSolution
		HideSolutionNode = FALSE
	EndGlobalSection
	GlobalSection(ExtensibilityGlobals) = postSolution
		SolutionGuid = {98CFFC64-1CB2-4809-9482-03E4466DF80E}
	EndGlobalSection
EndGlobal
